#
# This file is autogenerated by pip-compile with Python 3.12
# by the following command:
#
#    pip-compile --output-file=requirements.lock requirements.in
#
accelerate==1.13.0
    # via
    #   docling-ibm-models
    #   docling-slim
altair==6.1.0
    # via streamlit
annotated-doc==0.0.4
    # via
    #   fastapi
    #   typer
annotated-types==0.7.0
    # via pydantic
antlr4-python3-runtime==4.9.3
    # via omegaconf
anyio==4.13.0
    # via
    #   httpx
    #   mcp
    #   openai
    #   sse-starlette
    #   starlette
    #   streamlit
    #   watchfiles
attrs==26.1.0
    # via
    #   jsonlines
    #   jsonschema
    #   referencing
bcrypt==5.0.0
    # via chromadb
beautifulsoup4==4.14.3
    # via docling-slim
blinker==1.9.0
    # via streamlit
build==1.5.0
    # via chromadb
cachetools==7.1.2
    # via streamlit
certifi==2026.4.22
    # via
    #   docling-slim
    #   httpcore
    #   httpx
    #   kubernetes
    #   requests
cffi==2.0.0
    # via cryptography
charset-normalizer==3.4.7
    # via requests
chromadb==1.5.9
    # via -r requirements.in
click==8.4.0
    # via
    #   streamlit
    #   typer
    #   uvicorn
colorlog==6.10.1
    # via rapidocr
cryptography==48.0.0
    # via pyjwt
datapizza-ai==0.1.0
    # via -r requirements.in
datapizza-ai-clients-openai==0.0.12
    # via datapizza-ai
datapizza-ai-core==0.1.2
    # via
    #   datapizza-ai
    #   datapizza-ai-clients-openai
    #   datapizza-ai-embedders-openai
    #   datapizza-ai-parsers-docling
    #   datapizza-ai-vectorstores-qdrant
datapizza-ai-embedders-openai==0.0.6
    # via datapizza-ai
datapizza-ai-parsers-docling==0.0.9
    # via -r requirements.in
datapizza-ai-vectorstores-qdrant==0.0.9
    # via
    #   -r requirements.in
    #   datapizza-ai
defusedxml==0.7.1
    # via
    #   docling-core
    #   docling-slim
deprecated==1.3.1
    # via limits
dill==0.4.1
    # via multiprocess
distro==1.9.0
    # via openai
docling==2.93.0
    # via
    #   -r requirements.in
    #   datapizza-ai-parsers-docling
docling-core[chunking]==2.75.0
    # via
    #   docling-ibm-models
    #   docling-parse
    #   docling-slim
docling-ibm-models==3.13.2
    # via docling-slim
docling-parse==5.11.0
    # via docling-slim
docling-slim[standard]==2.93.0
    # via docling
durationpy==0.10
    # via kubernetes
easyocr==1.7.2
    # via datapizza-ai-parsers-docling
et-xmlfile==2.0.0
    # via openpyxl
faker==40.18.0
    # via polyfactory
fastapi==0.136.1
    # via -r requirements.in
filelock==3.29.0
    # via
    #   huggingface-hub
    #   torch
filetype==1.2.0
    # via docling-slim
flatbuffers==25.12.19
    # via onnxruntime
fsspec==2026.4.0
    # via
    #   huggingface-hub
    #   torch
gitdb==4.0.12
    # via gitpython
gitpython==3.1.50
    # via streamlit
googleapis-common-protos==1.75.0
    # via
    #   opentelemetry-exporter-otlp-proto-grpc
    #   opentelemetry-exporter-otlp-proto-http
grpcio==1.80.0
    # via
    #   chromadb
    #   opentelemetry-exporter-otlp-proto-grpc
    #   qdrant-client
h11==0.16.0
    # via
    #   httpcore
    #   uvicorn
h2==4.3.0
    # via httpx
hf-xet==1.5.0
    # via huggingface-hub
hpack==4.1.0
    # via h2
httpcore==1.0.9
    # via httpx
httptools==0.7.1
    # via
    #   streamlit
    #   uvicorn
httpx[http2]==0.28.1
    # via
    #   chromadb
    #   docling-slim
    #   huggingface-hub
    #   mcp
    #   openai
    #   qdrant-client
httpx-sse==0.4.3
    # via mcp
huggingface-hub==1.15.0
    # via
    #   accelerate
    #   docling-ibm-models
    #   docling-slim
    #   sentence-transformers
    #   tokenizers
    #   transformers
hyperframe==6.1.0
    # via h2
idna==3.15
    # via
    #   anyio
    #   httpx
    #   requests
imageio==2.37.3
    # via scikit-image
importlib-metadata==8.7.1
    # via opentelemetry-api
importlib-resources==7.1.0
    # via chromadb
itsdangerous==2.2.0
    # via streamlit
jinja2==3.1.6
    # via
    #   altair
    #   datapizza-ai-core
    #   pydeck
    #   torch
jiter==0.14.0
    # via openai
joblib==1.5.3
    # via scikit-learn
jsonlines==4.0.0
    # via docling-ibm-models
jsonref==1.1.0
    # via
    #   datapizza-ai-core
    #   docling-core
jsonschema==4.26.0
    # via
    #   altair
    #   chromadb
    #   docling-core
    #   mcp
jsonschema-specifications==2025.9.1
    # via jsonschema
kubernetes==35.0.0
    # via chromadb
latex2mathml==3.81.0
    # via docling-core
lazy-loader==0.5
    # via scikit-image
limits==5.8.0
    # via slowapi
lxml==6.1.0
    # via
    #   docling-slim
    #   python-docx
    #   python-pptx
markdown-it-py==4.2.0
    # via rich
marko==2.2.2
    # via docling-slim
markupsafe==3.0.3
    # via jinja2
mcp==1.27.1
    # via datapizza-ai-core
mdurl==0.1.2
    # via markdown-it-py
mmh3==5.2.1
    # via chromadb
mpire[dill]==2.10.2
    # via semchunk
mpmath==1.3.0
    # via sympy
multiprocess==0.70.19
    # via mpire
narwhals==2.21.2
    # via altair
networkx==3.6.1
    # via
    #   scikit-image
    #   torch
ninja==1.13.0
    # via easyocr
numpy==2.4.5
    # via
    #   -r requirements.in
    #   accelerate
    #   chromadb
    #   docling-ibm-models
    #   docling-slim
    #   easyocr
    #   imageio
    #   onnxruntime
    #   opencv-python
    #   opencv-python-headless
    #   pandas
    #   pydeck
    #   qdrant-client
    #   rapidocr
    #   safetensors
    #   scikit-image
    #   scikit-learn
    #   scipy
    #   sentence-transformers
    #   shapely
    #   streamlit
    #   tifffile
    #   torchvision
    #   transformers
oauthlib==3.3.1
    # via requests-oauthlib
omegaconf==2.3.0
    # via rapidocr
onnxruntime==1.26.0
    # via chromadb
openai==2.37.0
    # via
    #   -r requirements.in
    #   datapizza-ai-clients-openai
    #   datapizza-ai-embedders-openai
opencv-python==4.13.0.92
    # via rapidocr
opencv-python-headless==4.13.0.92
    # via easyocr
openpyxl==3.1.5
    # via docling-slim
opentelemetry-api==1.41.1
    # via
    #   chromadb
    #   datapizza-ai-core
    #   opentelemetry-exporter-otlp-proto-grpc
    #   opentelemetry-exporter-otlp-proto-http
    #   opentelemetry-sdk
    #   opentelemetry-semantic-conventions
opentelemetry-exporter-otlp-proto-common==1.41.1
    # via
    #   opentelemetry-exporter-otlp-proto-grpc
    #   opentelemetry-exporter-otlp-proto-http
opentelemetry-exporter-otlp-proto-grpc==1.41.1
    # via chromadb
opentelemetry-exporter-otlp-proto-http==1.41.1
    # via datapizza-ai-core
opentelemetry-proto==1.41.1
    # via
    #   opentelemetry-exporter-otlp-proto-common
    #   opentelemetry-exporter-otlp-proto-grpc
    #   opentelemetry-exporter-otlp-proto-http
opentelemetry-sdk==1.41.1
    # via
    #   chromadb
    #   datapizza-ai-core
    #   opentelemetry-exporter-otlp-proto-grpc
    #   opentelemetry-exporter-otlp-proto-http
opentelemetry-semantic-conventions==0.62b1
    # via opentelemetry-sdk
orjson==3.11.9
    # via chromadb
overrides==7.7.0
    # via chromadb
packaging==26.2
    # via
    #   accelerate
    #   altair
    #   build
    #   huggingface-hub
    #   lazy-loader
    #   limits
    #   onnxruntime
    #   safetensors
    #   scikit-image
    #   streamlit
    #   transformers
pandas==3.0.3
    # via
    #   -r requirements.in
    #   docling-core
    #   streamlit
pillow==12.2.0
    # via
    #   -r requirements.in
    #   docling-core
    #   docling-ibm-models
    #   docling-parse
    #   docling-slim
    #   easyocr
    #   imageio
    #   python-pptx
    #   rapidocr
    #   scikit-image
    #   streamlit
    #   torchvision
pluggy==1.6.0
    # via docling-slim
polyfactory==3.3.0
    # via docling-slim
portalocker==3.2.0
    # via qdrant-client
protobuf==6.33.6
    # via
    #   googleapis-common-protos
    #   onnxruntime
    #   opentelemetry-proto
    #   qdrant-client
    #   streamlit
psutil==7.2.2
    # via accelerate
pyarrow==24.0.0
    # via streamlit
pybase64==1.4.3
    # via chromadb
pyclipper==1.4.0
    # via
    #   easyocr
    #   rapidocr
pycparser==3.0
    # via cffi
pydantic==2.13.4
    # via
    #   -r requirements.in
    #   chromadb
    #   datapizza-ai-core
    #   docling-core
    #   docling-ibm-models
    #   docling-parse
    #   docling-slim
    #   fastapi
    #   mcp
    #   openai
    #   pydantic-settings
    #   qdrant-client
pydantic-core==2.46.4
    # via pydantic
pydantic-settings==2.14.1
    # via
    #   -r requirements.in
    #   chromadb
    #   docling-core
    #   docling-slim
    #   mcp
pydeck==0.9.2
    # via streamlit
pydicom==3.0.2
    # via -r requirements.in
pygments==2.20.0
    # via
    #   mpire
    #   rich
pyjwt[crypto]==2.12.1
    # via mcp
pylatexenc==2.10
    # via docling-slim
pypdfium2==5.8.0
    # via docling-slim
pypika==0.51.1
    # via chromadb
pyproject-hooks==1.2.0
    # via build
python-bidi==0.6.10
    # via easyocr
python-dateutil==2.9.0.post0
    # via
    #   kubernetes
    #   pandas
python-docx==1.2.0
    # via docling-slim
python-dotenv==1.2.2
    # via
    #   -r requirements.in
    #   datapizza-ai-core
    #   pydantic-settings
    #   uvicorn
python-multipart==0.0.28
    # via
    #   mcp
    #   streamlit
python-pptx==1.0.2
    # via docling-slim
pyyaml==6.0.3
    # via
    #   accelerate
    #   chromadb
    #   datapizza-ai-core
    #   docling-core
    #   easyocr
    #   huggingface-hub
    #   kubernetes
    #   omegaconf
    #   rapidocr
    #   transformers
    #   uvicorn
qdrant-client==1.18.0
    # via
    #   -r requirements.in
    #   datapizza-ai-vectorstores-qdrant
rapidocr==3.8.1
    # via docling-slim
referencing==0.37.0
    # via
    #   jsonschema
    #   jsonschema-specifications
regex==2026.5.9
    # via transformers
requests==2.33.0
    # via
    #   -r requirements.in
    #   docling-slim
    #   kubernetes
    #   opentelemetry-exporter-otlp-proto-http
    #   rapidocr
    #   requests-oauthlib
    #   streamlit
requests-oauthlib==2.0.0
    # via kubernetes
rich==15.0.0
    # via
    #   chromadb
    #   datapizza-ai-core
    #   docling-slim
    #   typer
rpds-py==0.30.0
    # via
    #   jsonschema
    #   referencing
rtree==1.4.1
    # via
    #   docling-ibm-models
    #   docling-slim
safetensors[numpy,torch]==0.7.0
    # via
    #   accelerate
    #   docling-ibm-models
    #   transformers
scikit-image==0.26.0
    # via easyocr
scikit-learn==1.8.0
    # via sentence-transformers
scipy==1.17.1
    # via
    #   docling-slim
    #   easyocr
    #   scikit-image
    #   scikit-learn
    #   sentence-transformers
semchunk==3.2.5
    # via docling-core
sentence-transformers==5.5.0
    # via -r requirements.in
shapely==2.1.2
    # via
    #   easyocr
    #   rapidocr
shellingham==1.5.4
    # via typer
six==1.17.0
    # via
    #   kubernetes
    #   python-dateutil
    #   rapidocr
slowapi==0.1.9
    # via -r requirements.in
smmap==5.0.3
    # via gitdb
sniffio==1.3.1
    # via openai
soupsieve==2.8.3
    # via beautifulsoup4
sse-starlette==3.4.4
    # via mcp
starlette==1.0.0
    # via
    #   fastapi
    #   mcp
    #   sse-starlette
    #   streamlit
streamlit==1.57.0
    # via -r requirements.in
structlog==25.5.0
    # via -r requirements.in
sympy==1.14.0
    # via torch
tabulate==0.10.0
    # via
    #   docling-core
    #   docling-parse
tenacity==9.1.4
    # via
    #   chromadb
    #   streamlit
textparser==0.24.0
    # via -r requirements.in
threadpoolctl==3.6.0
    # via scikit-learn
tifffile==2026.5.15
    # via scikit-image
tokenizers==0.22.2
    # via
    #   chromadb
    #   transformers
toml==0.10.2
    # via streamlit
torch==2.12.0
    # via
    #   -r requirements.in
    #   accelerate
    #   docling-ibm-models
    #   docling-slim
    #   easyocr
    #   safetensors
    #   sentence-transformers
    #   torchvision
torchvision==0.27.0
    # via
    #   docling-ibm-models
    #   docling-slim
    #   easyocr
tqdm==4.67.3
    # via
    #   -r requirements.in
    #   chromadb
    #   docling-ibm-models
    #   docling-slim
    #   huggingface-hub
    #   mpire
    #   openai
    #   rapidocr
    #   semchunk
    #   sentence-transformers
    #   transformers
transformers==5.8.1
    # via
    #   docling-core
    #   docling-ibm-models
    #   sentence-transformers
tree-sitter==0.25.2
    # via docling-core
tree-sitter-c==0.24.2
    # via docling-core
tree-sitter-javascript==0.25.0
    # via docling-core
tree-sitter-python==0.25.0
    # via docling-core
tree-sitter-typescript==0.23.2
    # via docling-core
typer==0.21.2
    # via
    #   chromadb
    #   docling-core
    #   docling-slim
    #   huggingface-hub
    #   transformers
typing-extensions==4.15.0
    # via
    #   altair
    #   anyio
    #   beautifulsoup4
    #   chromadb
    #   datapizza-ai-core
    #   docling-core
    #   fastapi
    #   grpcio
    #   huggingface-hub
    #   limits
    #   mcp
    #   openai
    #   opentelemetry-api
    #   opentelemetry-exporter-otlp-proto-grpc
    #   opentelemetry-exporter-otlp-proto-http
    #   opentelemetry-sdk
    #   opentelemetry-semantic-conventions
    #   polyfactory
    #   pydantic
    #   pydantic-core
    #   python-docx
    #   python-pptx
    #   referencing
    #   sentence-transformers
    #   starlette
    #   streamlit
    #   torch
    #   typing-inspection
typing-inspection==0.4.2
    # via
    #   fastapi
    #   mcp
    #   pydantic
    #   pydantic-settings
urllib3==2.7.0
    # via
    #   kubernetes
    #   qdrant-client
    #   requests
uvicorn[standard]==0.47.0
    # via
    #   chromadb
    #   mcp
    #   streamlit
uvloop==0.22.1
    # via uvicorn
watchfiles==1.1.1
    # via uvicorn
websocket-client==1.9.0
    # via kubernetes
websockets==16.0
    # via
    #   docling-slim
    #   streamlit
    #   uvicorn
wrapt==2.1.2
    # via deprecated
xlsxwriter==3.2.9
    # via python-pptx
zipp==3.23.1
    # via importlib-metadata

# The following packages are considered to be unsafe in a requirements file:
# setuptools
